// !$*UTF8*$!
{
	archiveVersion = 1;
	classes = {
	};
	objectVersion = 55;
	objects = {

/* Begin PBXBuildFile section */
		8C6604C228D01DD20092D79D /* AppDelegate.swift in Sources */ = {isa = PBXBuildFile; fileRef = 8C6604C128D01DD20092D79D /* AppDelegate.swift */; };
		8C6604C428D01DD20092D79D /* SceneDelegate.swift in Sources */ = {isa = PBXBuildFile; fileRef = 8C6604C328D01DD20092D79D /* SceneDelegate.swift */; };
		8C6604C628D01DD20092D79D /* ViewController.swift in Sources */ = {isa = PBXBuildFile; fileRef = 8C6604C528D01DD20092D79D /* ViewController.swift */; };
		8C6604C928D01DD20092D79D /* Main.storyboard in Resources */ = {isa = PBXBuildFile; fileRef = 8C6604C728D01DD20092D79D /* Main.storyboard */; };
		8C6604CB28D01DDA0092D79D /* Assets.xcassets in Resources */ = {isa = PBXBuildFile; fileRef = 8C6604CA28D01DDA0092D79D /* Assets.xcassets */; };
		8C6604CE28D01DDA0092D79D /* LaunchScreen.storyboard in Resources */ = {isa = PBXBuildFile; fileRef = 8C6604CC28D01DDA0092D79D /* LaunchScreen.storyboard */; };
		8C9BDE5728D0497000A0FB00 /* BookData.swift in Sources */ = {isa = PBXBuildFile; fileRef = 8C9BDE5628D0497000A0FB00 /* BookData.swift */; };
		8C9BDE5E28D04F8900A0FB00 /* .gitignore in Resources */ = {isa = PBXBuildFile; fileRef = 8C9BDE5D28D04F8900A0FB00 /* .gitignore */; };
		8C9BDE6028D04FA500A0FB00 /* APIKey.swift in Sources */ = {isa = PBXBuildFile; fileRef = 8C9BDE5F28D04FA500A0FB00 /* APIKey.swift */; };
		8C9BDE6328D059E300A0FB00 /* Alamofire in Frameworks */ = {isa = PBXBuildFile; productRef = 8C9BDE6228D059E300A0FB00 /* Alamofire */; };
		8C9BDE6928D061A300A0FB00 /* SwiftyJSON in Frameworks */ = {isa = PBXBuildFile; productRef = 8C9BDE6828D061A300A0FB00 /* SwiftyJSON */; };
		8C9BDE6C28D1A41C00A0FB00 /* SnapKit in Frameworks */ = {isa = PBXBuildFile; productRef = 8C9BDE6B28D1A41C00A0FB00 /* SnapKit */; };
		8CC4BCBC28D317050005035C /* DetailViewController.swift in Sources */ = {isa = PBXBuildFile; fileRef = 8CC4BCBB28D317050005035C /* DetailViewController.swift */; };
		8CC4BCBE28D353CF0005035C /* CollectionViewCell.swift in Sources */ = {isa = PBXBuildFile; fileRef = 8CC4BCBD28D353CF0005035C /* CollectionViewCell.swift */; };
		8CC4BCC128D361E20005035C /* Kingfisher in Frameworks */ = {isa = PBXBuildFile; productRef = 8CC4BCC028D361E20005035C /* Kingfisher */; };
		8CC4BCC328D37D510005035C /* practice.swift in Sources */ = {isa = PBXBuildFile; fileRef = 8CC4BCC228D37D510005035C /* practice.swift */; };
/* End PBXBuildFile section */

/* Begin PBXFileReference section */
		8C6604BE28D01DD20092D79D /* BookMapProject.app */ = {isa = PBXFileReference; explicitFileType = wrapper.application; includeInIndex = 0; path = BookMapProject.app; sourceTree = BUILT_PRODUCTS_DIR; };
		8C6604C128D01DD20092D79D /* AppDelegate.swift */ = {isa = PBXFileReference; lastKnownFileType = sourcecode.swift; path = AppDelegate.swift; sourceTree = "<group>"; };
		8C6604C328D01DD20092D79D /* SceneDelegate.swift */ = {isa = PBXFileReference; lastKnownFileType = sourcecode.swift; path = SceneDelegate.swift; sourceTree = "<group>"; };
		8C6604C528D01DD20092D79D /* ViewController.swift */ = {isa = PBXFileReference; lastKnownFileType = sourcecode.swift; path = ViewController.swift; sourceTree = "<group>"; wrapsLines = 0; };
		8C6604C828D01DD20092D79D /* Base */ = {isa = PBXFileReference; lastKnownFileType = file.storyboard; name = Base; path = Base.lproj/Main.storyboard; sourceTree = "<group>"; };
		8C6604CA28D01DDA0092D79D /* Assets.xcassets */ = {isa = PBXFileReference; lastKnownFileType = folder.assetcatalog; path = Assets.xcassets; sourceTree = "<group>"; };
		8C6604CD28D01DDA0092D79D /* Base */ = {isa = PBXFileReference; lastKnownFileType = file.storyboard; name = Base; path = Base.lproj/LaunchScreen.storyboard; sourceTree = "<group>"; };
		8C6604CF28D01DDA0092D79D /* Info.plist */ = {isa = PBXFileReference; lastKnownFileType = text.plist.xml; path = Info.plist; sourceTree = "<group>"; };
		8C9BDE5628D0497000A0FB00 /* BookData.swift */ = {isa = PBXFileReference; lastKnownFileType = sourcecode.swift; path = BookData.swift; sourceTree = "<group>"; };
		8C9BDE5D28D04F8900A0FB00 /* .gitignore */ = {isa = PBXFileReference; lastKnownFileType = text; path = .gitignore; sourceTree = "<group>"; };
		8C9BDE5F28D04FA500A0FB00 /* APIKey.swift */ = {isa = PBXFileReference; lastKnownFileType = sourcecode.swift; path = APIKey.swift; sourceTree = "<group>"; };
		8CC4BCBB28D317050005035C /* DetailViewController.swift */ = {isa = PBXFileReference; lastKnownFileType = sourcecode.swift; path = DetailViewController.swift; sourceTree = "<group>"; };
		8CC4BCBD28D353CF0005035C /* CollectionViewCell.swift */ = {isa = PBXFileReference; lastKnownFileType = sourcecode.swift; path = CollectionViewCell.swift; sourceTree = "<group>"; };
		8CC4BCC228D37D510005035C /* practice.swift */ = {isa = PBXFileReference; lastKnownFileType = sourcecode.swift; path = practice.swift; sourceTree = "<group>"; };
/* End PBXFileReference section */

/* Begin PBXFrameworksBuildPhase section */
		8C6604BB28D01DD20092D79D /* Frameworks */ = {
			isa = PBXFrameworksBuildPhase;
			buildActionMask = 2147483647;
			files = (
				8CC4BCC128D361E20005035C /* Kingfisher in Frameworks */,
				8C9BDE6C28D1A41C00A0FB00 /* SnapKit in Frameworks */,
				8C9BDE6928D061A300A0FB00 /* SwiftyJSON in Frameworks */,
				8C9BDE6328D059E300A0FB00 /* Alamofire in Frameworks */,
			);
			runOnlyForDeploymentPostprocessing = 0;
		};
/* End PBXFrameworksBuildPhase section */

/* Begin PBXGroup section */
		8C6604B528D01DD20092D79D = {
			isa = PBXGroup;
			children = (
				8C6604C028D01DD20092D79D /* BookMapProject */,
				8C6604BF28D01DD20092D79D /* Products */,
			);
			sourceTree = "<group>";
		};
		8C6604BF28D01DD20092D79D /* Products */ = {
			isa = PBXGroup;
			children = (
				8C6604BE28D01DD20092D79D /* BookMapProject.app */,
			);
			name = Products;
			sourceTree = "<group>";
		};
		8C6604C028D01DD20092D79D /* BookMapProject */ = {
			isa = PBXGroup;
			children = (
				8C6604C128D01DD20092D79D /* AppDelegate.swift */,
				8C6604C328D01DD20092D79D /* SceneDelegate.swift */,
				8C6604C528D01DD20092D79D /* ViewController.swift */,
				8C6604C728D01DD20092D79D /* Main.storyboard */,
				8C6604CA28D01DDA0092D79D /* Assets.xcassets */,
				8C6604CC28D01DDA0092D79D /* LaunchScreen.storyboard */,
				8C6604CF28D01DDA0092D79D /* Info.plist */,
				8C9BDE5628D0497000A0FB00 /* BookData.swift */,
				8C9BDE5D28D04F8900A0FB00 /* .gitignore */,
				8C9BDE5F28D04FA500A0FB00 /* APIKey.swift */,
				8CC4BCBB28D317050005035C /* DetailViewController.swift */,
				8CC4BCBD28D353CF0005035C /* CollectionViewCell.swift */,
				8CC4BCC228D37D510005035C /* practice.swift */,
			);
			path = BookMapProject;
			sourceTree = "<group>";
		};
/* End PBXGroup section */

/* Begin PBXNativeTarget section */
		8C6604BD28D01DD20092D79D /* BookMapProject */ = {
			isa = PBXNativeTarget;
			buildConfigurationList = 8C6604D228D01DDA0092D79D /* Build configuration list for PBXNativeTarget "BookMapProject" */;
			buildPhases = (
				8C6604BA28D01DD20092D79D /* Sources */,
				8C6604BB28D01DD20092D79D /* Frameworks */,
				8C6604BC28D01DD20092D79D /* Resources */,
			);
			buildRules = (
			);
			dependencies = (
			);
			name = BookMapProject;
			packageProductDependencies = (
				8C9BDE6228D059E300A0FB00 /* Alamofire */,
				8C9BDE6828D061A300A0FB00 /* SwiftyJSON */,
				8C9BDE6B28D1A41C00A0FB00 /* SnapKit */,
				8CC4BCC028D361E20005035C /* Kingfisher */,
			);
			productName = BookMapProject;
			productReference = 8C6604BE28D01DD20092D79D /* BookMapProject.app */;
			productType = "com.apple.product-type.application";
		};
/* End PBXNativeTarget section */

/* Begin PBXProject section */
		8C6604B628D01DD20092D79D /* Project object */ = {
			isa = PBXProject;
			attributes = {
				BuildIndependentTargetsInParallel = 1;
				LastSwiftUpdateCheck = 1340;
				LastUpgradeCheck = 1340;
				TargetAttributes = {
					8C6604BD28D01DD20092D79D = {
						CreatedOnToolsVersion = 13.4.1;
					};
				};
			};
			buildConfigurationList = 8C6604B928D01DD20092D79D /* Build configuration list for PBXProject "BookMapProject" */;
			compatibilityVersion = "Xcode 13.0";
			developmentRegion = en;
			hasScannedForEncodings = 0;
			knownRegions = (
				en,
				Base,
			);
			mainGroup = 8C6604B528D01DD20092D79D;
			packageReferences = (
				8C9BDE6128D059E300A0FB00 /* XCRemoteSwiftPackageReference "Alamofire" */,
				8C9BDE6728D061A300A0FB00 /* XCRemoteSwiftPackageReference "SwiftyJSON" */,
				8C9BDE6A28D1A41C00A0FB00 /* XCRemoteSwiftPackageReference "SnapKit" */,
				8CC4BCBF28D361E20005035C /* XCRemoteSwiftPackageReference "Kingfisher" */,
			);
			productRefGroup = 8C6604BF28D01DD20092D79D /* Products */;
			projectDirPath = "";
			projectRoot = "";
			targets = (
				8C6604BD28D01DD20092D79D /* BookMapProject */,
			);
		};
/* End PBXProject section */

/* Begin PBXResourcesBuildPhase section */
		8C6604BC28D01DD20092D79D /* Resources */ = {
			isa = PBXResourcesBuildPhase;
			buildActionMask = 2147483647;
			files = (
				8C9BDE5E28D04F8900A0FB00 /* .gitignore in Resources */,
				8C6604CE28D01DDA0092D79D /* LaunchScreen.storyboard in Resources */,
				8C6604CB28D01DDA0092D79D /* Assets.xcassets in Resources */,
				8C6604C928D01DD20092D79D /* Main.storyboard in Resources */,
			);
			runOnlyForDeploymentPostprocessing = 0;
		};
/* End PBXResourcesBuildPhase section */

/* Begin PBXSourcesBuildPhase section */
		8C6604BA28D01DD20092D79D /* Sources */ = {
			isa = PBXSourcesBuildPhase;
			buildActionMask = 2147483647;
			files = (
				8C6604C628D01DD20092D79D /* ViewController.swift in Sources */,
				8C6604C228D01DD20092D79D /* AppDelegate.swift in Sources */,
				8C9BDE5728D0497000A0FB00 /* BookData.swift in Sources */,
				8CC4BCBE28D353CF0005035C /* CollectionViewCell.swift in Sources */,
				8CC4BCC328D37D510005035C /* practice.swift in Sources */,
				8CC4BCBC28D317050005035C /* DetailViewController.swift in Sources */,
				8C6604C428D01DD20092D79D /* SceneDelegate.swift in Sources */,
				8C9BDE6028D04FA500A0FB00 /* APIKey.swift in Sources */,
			);
			runOnlyForDeploymentPostprocessing = 0;
		};
/* End PBXSourcesBuildPhase section */

/* Begin PBXVariantGroup section */
		8C6604C728D01DD20092D79D /* Main.storyboard */ = {
			isa = PBXVariantGroup;
			children = (
				8C6604C828D01DD20092D79D /* Base */,
			);
			name = Main.storyboard;
			sourceTree = "<group>";
		};
		8C6604CC28D01DDA0092D79D /* LaunchScreen.storyboard */ = {
			isa = PBXVariantGroup;
			children = (
				8C6604CD28D01DDA0092D79D /* Base */,
			);
			name = LaunchScreen.storyboard;
			sourceTree = "<group>";
		};
/* End PBXVariantGroup section */

/* Begin XCBuildConfiguration section */
		8C6604D028D01DDA0092D79D /* Debug */ = {
			isa = XCBuildConfiguration;
			buildSettings = {
				ALWAYS_SEARCH_USER_PATHS = NO;
				CLANG_ANALYZER_NONNULL = YES;
				CLANG_ANALYZER_NUMBER_OBJECT_CONVERSION = YES_AGGRESSIVE;
				CLANG_CXX_LANGUAGE_STANDARD = "gnu++17";
				CLANG_ENABLE_MODULES = YES;
				CLANG_ENABLE_OBJC_ARC = YES;
				CLANG_ENABLE_OBJC_WEAK = YES;
				CLANG_WARN_BLOCK_CAPTURE_AUTORELEASING = YES;
				CLANG_WARN_BOOL_CONVERSION = YES;
				CLANG_WARN_COMMA = YES;
				CLANG_WARN_CONSTANT_CONVERSION = YES;
				CLANG_WARN_DEPRECATED_OBJC_IMPLEMENTATIONS = YES;
				CLANG_WARN_DIRECT_OBJC_ISA_USAGE = YES_ERROR;
				CLANG_WARN_DOCUMENTATION_COMMENTS = YES;
				CLANG_WARN_EMPTY_BODY = YES;
				CLANG_WARN_ENUM_CONVERSION = YES;
				CLANG_WARN_INFINITE_RECURSION = YES;
				CLANG_WARN_INT_CONVERSION = YES;
				CLANG_WARN_NON_LITERAL_NULL_CONVERSION = YES;
				CLANG_WARN_OBJC_IMPLICIT_RETAIN_SELF = YES;
				CLANG_WARN_OBJC_LITERAL_CONVERSION = YES;
				CLANG_WARN_OBJC_ROOT_CLASS = YES_ERROR;
				CLANG_WARN_QUOTED_INCLUDE_IN_FRAMEWORK_HEADER = YES;
				CLANG_WARN_RANGE_LOOP_ANALYSIS = YES;
				CLANG_WARN_STRICT_PROTOTYPES = YES;
				CLANG_WARN_SUSPICIOUS_MOVE = YES;
				CLANG_WARN_UNGUARDED_AVAILABILITY = YES_AGGRESSIVE;
				CLANG_WARN_UNREACHABLE_CODE = YES;
				CLANG_WARN__DUPLICATE_METHOD_MATCH = YES;
				COPY_PHASE_STRIP = NO;
				DEBUG_INFORMATION_FORMAT = dwarf;
				ENABLE_STRICT_OBJC_MSGSEND = YES;
				ENABLE_TESTABILITY = YES;
				GCC_C_LANGUAGE_STANDARD = gnu11;
				GCC_DYNAMIC_NO_PIC = NO;
				GCC_NO_COMMON_BLOCKS = YES;
				GCC_OPTIMIZATION_LEVEL = 0;
				GCC_PREPROCESSOR_DEFINITIONS = (
					"DEBUG=1",
					"$(inherited)",
				);
				GCC_WARN_64_TO_32_BIT_CONVERSION = YES;
				GCC_WARN_ABOUT_RETURN_TYPE = YES_ERROR;
				GCC_WARN_UNDECLARED_SELECTOR = YES;
				GCC_WARN_UNINITIALIZED_AUTOS = YES_AGGRESSIVE;
				GCC_WARN_UNUSED_FUNCTION = YES;
				GCC_WARN_UNUSED_VARIABLE = YES;
				IPHONEOS_DEPLOYMENT_TARGET = 15.5;
				MTL_ENABLE_DEBUG_INFO = INCLUDE_SOURCE;
				MTL_FAST_MATH = YES;
				ONLY_ACTIVE_ARCH = YES;
				SDKROOT = iphoneos;
				SWIFT_ACTIVE_COMPILATION_CONDITIONS = DEBUG;
				SWIFT_OPTIMIZATION_LEVEL = "-Onone";
			};
			name = Debug;
		};
		8C6604D128D01DDA0092D79D /* Release */ = {
			isa = XCBuildConfiguration;
			buildSettings = {
				ALWAYS_SEARCH_USER_PATHS = NO;
				CLANG_ANALYZER_NONNULL = YES;
				CLANG_ANALYZER_NUMBER_OBJECT_CONVERSION = YES_AGGRESSIVE;
				CLANG_CXX_LANGUAGE_STANDARD = "gnu++17";
				CLANG_ENABLE_MODULES = YES;
				CLANG_ENABLE_OBJC_ARC = YES;
				CLANG_ENABLE_OBJC_WEAK = YES;
				CLANG_WARN_BLOCK_CAPTURE_AUTORELEASING = YES;
				CLANG_WARN_BOOL_CONVERSION = YES;
				CLANG_WARN_COMMA = YES;
				CLANG_WARN_CONSTANT_CONVERSION = YES;
				CLANG_WARN_DEPRECATED_OBJC_IMPLEMENTATIONS = YES;
				CLANG_WARN_DIRECT_OBJC_ISA_USAGE = YES_ERROR;
				CLANG_WARN_DOCUMENTATION_COMMENTS = YES;
				CLANG_WARN_EMPTY_BODY = YES;
				CLANG_WARN_ENUM_CONVERSION = YES;
				CLANG_WARN_INFINITE_RECURSION = YES;
				CLANG_WARN_INT_CONVERSION = YES;
				CLANG_WARN_NON_LITERAL_NULL_CONVERSION = YES;
				CLANG_WARN_OBJC_IMPLICIT_RETAIN_SELF = YES;
				CLANG_WARN_OBJC_LITERAL_CONVERSION = YES;
				CLANG_WARN_OBJC_ROOT_CLASS = YES_ERROR;
				CLANG_WARN_QUOTED_INCLUDE_IN_FRAMEWORK_HEADER = YES;
				CLANG_WARN_RANGE_LOOP_ANALYSIS = YES;
				CLANG_WARN_STRICT_PROTOTYPES = YES;
				CLANG_WARN_SUSPICIOUS_MOVE = YES;
				CLANG_WARN_UNGUARDED_AVAILABILITY = YES_AGGRESSIVE;
				CLANG_WARN_UNREACHABLE_CODE = YES;
				CLANG_WARN__DUPLICATE_METHOD_MATCH = YES;
				COPY_PHASE_STRIP = NO;
				DEBUG_INFORMATION_FORMAT = "dwarf-with-dsym";
				ENABLE_NS_ASSERTIONS = NO;
				ENABLE_STRICT_OBJC_MSGSEND = YES;
				GCC_C_LANGUAGE_STANDARD = gnu11;
				GCC_NO_COMMON_BLOCKS = YES;
				GCC_WARN_64_TO_32_BIT_CONVERSION = YES;
				GCC_WARN_ABOUT_RETURN_TYPE = YES_ERROR;
				GCC_WARN_UNDECLARED_SELECTOR = YES;
				GCC_WARN_UNINITIALIZED_AUTOS = YES_AGGRESSIVE;
				GCC_WARN_UNUSED_FUNCTION = YES;
				GCC_WARN_UNUSED_VARIABLE = YES;
				IPHONEOS_DEPLOYMENT_TARGET = 15.5;
				MTL_ENABLE_DEBUG_INFO = NO;
				MTL_FAST_MATH = YES;
				SDKROOT = iphoneos;
				SWIFT_COMPILATION_MODE = wholemodule;
				SWIFT_OPTIMIZATION_LEVEL = "-O";
				VALIDATE_PRODUCT = YES;
			};
			name = Release;
		};
		8C6604D328D01DDA0092D79D /* Debug */ = {
			isa = XCBuildConfiguration;
			buildSettings = {
				ASSETCATALOG_COMPILER_APPICON_NAME = AppIcon;
				ASSETCATALOG_COMPILER_GLOBAL_ACCENT_COLOR_NAME = AccentColor;
				CODE_SIGN_STYLE = Automatic;
				CURRENT_PROJECT_VERSION = 1;
				DEVELOPMENT_TEAM = 5C6W5SYCQQ;
				GENERATE_INFOPLIST_FILE = YES;
				INFOPLIST_FILE = BookMapProject/Info.plist;
				INFOPLIST_KEY_UIApplicationSupportsIndirectInputEvents = YES;
				INFOPLIST_KEY_UILaunchStoryboardName = LaunchScreen;
				INFOPLIST_KEY_UIMainStoryboardFile = Main;
				INFOPLIST_KEY_UISupportedInterfaceOrientations_iPad = "UIInterfaceOrientationPortrait UIInterfaceOrientationPortraitUpsideDown UIInterfaceOrientationLandscapeLeft UIInterfaceOrientationLandscapeRight";
				INFOPLIST_KEY_UISupportedInterfaceOrientations_iPhone = "UIInterfaceOrientationPortrait UIInterfaceOrientationLandscapeLeft UIInterfaceOrientationLandscapeRight";
				LD_RUNPATH_SEARCH_PATHS = (
					"$(inherited)",
					"@executable_path/Frameworks",
				);
				MARKETING_VERSION = 1.0;
				PRODUCT_BUNDLE_IDENTIFIER = com.kate.BookMapProject;
				PRODUCT_NAME = "$(TARGET_NAME)";
				SWIFT_EMIT_LOC_STRINGS = YES;
				SWIFT_VERSION = 5.0;
				TARGETED_DEVICE_FAMILY = "1,2";
			};
			name = Debug;
		};
		8C6604D428D01DDA0092D79D /* Release */ = {
			isa = XCBuildConfiguration;
			buildSettings = {
				ASSETCATALOG_COMPILER_APPICON_NAME = AppIcon;
				ASSETCATALOG_COMPILER_GLOBAL_ACCENT_COLOR_NAME = AccentColor;
				CODE_SIGN_STYLE = Automatic;
				CURRENT_PROJECT_VERSION = 1;
				DEVELOPMENT_TEAM = 5C6W5SYCQQ;
				GENERATE_INFOPLIST_FILE = YES;
				INFOPLIST_FILE = BookMapProject/Info.plist;
				INFOPLIST_KEY_UIApplicationSupportsIndirectInputEvents = YES;
				INFOPLIST_KEY_UILaunchStoryboardName = LaunchScreen;
				INFOPLIST_KEY_UIMainStoryboardFile = Main;
				INFOPLIST_KEY_UISupportedInterfaceOrientations_iPad = "UIInterfaceOrientationPortrait UIInterfaceOrientationPortraitUpsideDown UIInterfaceOrientationLandscapeLeft UIInterfaceOrientationLandscapeRight";
				INFOPLIST_KEY_UISupportedInterfaceOrientations_iPhone = "UIInterfaceOrientationPortrait UIInterfaceOrientationLandscapeLeft UIInterfaceOrientationLandscapeRight";
				LD_RUNPATH_SEARCH_PATHS = (
					"$(inherited)",
					"@executable_path/Frameworks",
				);
				MARKETING_VERSION = 1.0;
				PRODUCT_BUNDLE_IDENTIFIER = com.kate.BookMapProject;
				PRODUCT_NAME = "$(TARGET_NAME)";
				SWIFT_EMIT_LOC_STRINGS = YES;
				SWIFT_VERSION = 5.0;
				TARGETED_DEVICE_FAMILY = "1,2";
			};
			name = Release;
		};
/* End XCBuildConfiguration section */

/* Begin XCConfigurationList section */
		8C6604B928D01DD20092D79D /* Build configuration list for PBXProject "BookMapProject" */ = {
			isa = XCConfigurationList;
			buildConfigurations = (
				8C6604D028D01DDA0092D79D /* Debug */,
				8C6604D128D01DDA0092D79D /* Release */,
			);
			defaultConfigurationIsVisible = 0;
			defaultConfigurationName = Release;
		};
		8C6604D228D01DDA0092D79D /* Build configuration list for PBXNativeTarget "BookMapProject" */ = {
			isa = XCConfigurationList;
			buildConfigurations = (
				8C6604D328D01DDA0092D79D /* Debug */,
				8C6604D428D01DDA0092D79D /* Release */,
			);
			defaultConfigurationIsVisible = 0;
			defaultConfigurationName = Release;
		};
/* End XCConfigurationList section */

/* Begin XCRemoteSwiftPackageReference section */
		8C9BDE6128D059E300A0FB00 /* XCRemoteSwiftPackageReference "Alamofire" */ = {
			isa = XCRemoteSwiftPackageReference;
			repositoryURL = "https://github.com/Alamofire/Alamofire.git";
			requirement = {
				kind = upToNextMajorVersion;
				minimumVersion = 5.0.0;
			};
		};
		8C9BDE6728D061A300A0FB00 /* XCRemoteSwiftPackageReference "SwiftyJSON" */ = {
			isa = XCRemoteSwiftPackageReference;
			repositoryURL = "https://github.com/SwiftyJSON/SwiftyJSON.git";
			requirement = {
				kind = upToNextMajorVersion;
				minimumVersion = 5.0.0;
			};
		};
		8C9BDE6A28D1A41C00A0FB00 /* XCRemoteSwiftPackageReference "SnapKit" */ = {
			isa = XCRemoteSwiftPackageReference;
			repositoryURL = "https://github.com/SnapKit/SnapKit.git";
			requirement = {
				kind = upToNextMajorVersion;
				minimumVersion = 5.0.0;
			};
		};
		8CC4BCBF28D361E20005035C /* XCRemoteSwiftPackageReference "Kingfisher" */ = {
			isa = XCRemoteSwiftPackageReference;
			repositoryURL = "https://github.com/onevcat/Kingfisher.git";
			requirement = {
				kind = upToNextMajorVersion;
				minimumVersion = 7.0.0;
			};
		};
/* End XCRemoteSwiftPackageReference section */

/* Begin XCSwiftPackageProductDependency section */
		8C9BDE6228D059E300A0FB00 /* Alamofire */ = {
			isa = XCSwiftPackageProductDependency;
			package = 8C9BDE6128D059E300A0FB00 /* XCRemoteSwiftPackageReference "Alamofire" */;
			productName = Alamofire;
		};
		8C9BDE6828D061A300A0FB00 /* SwiftyJSON */ = {
			isa = XCSwiftPackageProductDependency;
			package = 8C9BDE6728D061A300A0FB00 /* XCRemoteSwiftPackageReference "SwiftyJSON" */;
			productName = SwiftyJSON;
		};
		8C9BDE6B28D1A41C00A0FB00 /* SnapKit */ = {
			isa = XCSwiftPackageProductDependency;
			package = 8C9BDE6A28D1A41C00A0FB00 /* XCRemoteSwiftPackageReference "SnapKit" */;
			productName = SnapKit;
		};
		8CC4BCC028D361E20005035C /* Kingfisher */ = {
			isa = XCSwiftPackageProductDependency;
			package = 8CC4BCBF28D361E20005035C /* XCRemoteSwiftPackageReference "Kingfisher" */;
			productName = Kingfisher;
		};
/* End XCSwiftPackageProductDependency section */
	};
	rootObject = 8C6604B628D01DD20092D79D /* Project object */;
}
